<?xml version="1.0" encoding="utf-8"?>
<Project ToolsVersion="4.0" xmlns="http://schemas.microsoft.com/developer/msbuild/2003">
  <ItemGroup>
    <Filter Include="Source Files">
      <UniqueIdentifier>{4FC737F1-C7A5-4376-A066-2A32D752A2FF}</UniqueIdentifier>
      <Extensions>cpp;c;cc;cxx;def;odl;idl;hpj;bat;asm;asmx</Extensions>
    </Filter>
    <Filter Include="Header Files">
      <UniqueIdentifier>{93995380-89BD-4b04-88EB-625FBE52EBFB}</UniqueIdentifier>
      <Extensions>h;hh;hpp;hxx;hm;inl;inc;ipp;xsd</Extensions>
    </Filter>
    <Filter Include="Resource Files">
      <UniqueIdentifier>{67DA6AB6-F800-4c08-8B7A-83BB121AAD01}</UniqueIdentifier>
      <Extensions>rc;ico;cur;bmp;dlg;rc2;rct;bin;rgs;gif;jpg;jpeg;jpe;resx;tiff;tif;png;wav;mfcribbon-ms</Extensions>
    </Filter>
  </ItemGroup>
  <ItemGroup>
    <None Include="..\a.out">
      <Filter>Source Files</Filter>
    </None>
  </ItemGroup>
  <ItemGroup>
    <ClCompile Include="..\Dog.cpp">
      <Filter>Source Files</Filter>
    </ClCompile>
    <ClCompile Include="..\DogToy.cpp">
      <Filter>Source Files</Filter>
    </ClCompile>
    <ClCompile Include="..\Duck.cpp">
      <Filter>Source Files</Filter>
    </ClCompile>
    <ClCompile Include="..\DuckSim.cpp">
      <Filter>Source Files</Filter>
    </ClCompile>
    <ClCompile Include="..\FlyBehavior.cpp">
      <Filter>Source Files</Filter>
    </ClCompile>
    <ClCompile Include="..\FlyWithWings.cpp">
      <Filter>Source Files</Filter>
    </ClCompile>
    <ClCompile Include="..\Mallard.cpp">
      <Filter>Source Files</Filter>
    </ClCompile>
    <ClCompile Include="..\NoFly.cpp">
      <Filter>Source Files</Filter>
    </ClCompile>
    <ClCompile Include="..\NoQuack.cpp">
      <Filter>Source Files</Filter>
    </ClCompile>
    <ClCompile Include="..\Quack.cpp">
      <Filter>Source Files</Filter>
    </ClCompile>
    <ClCompile Include="..\QuackQuack.cpp">
      <Filter>Source Files</Filter>
    </ClCompile>
    <ClCompile Include="..\RedHead.cpp">
      <Filter>Source Files</Filter>
    </ClCompile>
    <ClCompile Include="..\Rubber.cpp">
      <Filter>Source Files</Filter>
    </ClCompile>
    <ClCompile Include="..\Squeak.cpp">
      <Filter>Source Files</Filter>
    </ClCompile>
  </ItemGroup>
  <ItemGroup>
    <ClInclude Include="..\Dog.h">
      <Filter>Source Files</Filter>
    </ClInclude>
    <ClInclude Include="..\DogToy.h">
      <Filter>Source Files</Filter>
    </ClInclude>
    <ClInclude Include="..\Duck.h">
      <Filter>Source Files</Filter>
    </ClInclude>
    <ClInclude Include="..\FlyBehavior.h">
      <Filter>Source Files</Filter>
    </ClInclude>
    <ClInclude Include="..\FlyWithWings.h">
      <Filter>Source Files</Filter>
    </ClInclude>
    <ClInclude Include="..\Mallard.h">
      <Filter>Source Files</Filter>
    </ClInclude>
    <ClInclude Include="..\NoFly.h">
      <Filter>Source Files</Filter>
    </ClInclude>
    <ClInclude Include="..\NoQuack.h">
      <Filter>Source Files</Filter>
    </ClInclude>
    <ClInclude Include="..\Quack.h">
      <Filter>Source Files</Filter>
    </ClInclude>
    <ClInclude Include="..\QuackQuack.h">
      <Filter>Source Files</Filter>
    </ClInclude>
    <ClInclude Include="..\RedHead.h">
      <Filter>Source Files</Filter>
    </ClInclude>
    <ClInclude Include="..\Rubber.h">
      <Filter>Source Files</Filter>
    </ClInclude>
    <ClInclude Include="..\Squeak.h">
      <Filter>Source Files</Filter>
    </ClInclude>
  </ItemGroup>
</Project>