
Microsoft Visual Studio Solution File, Format Version 12.00
# Visual Studio Version 16
VisualStudioVersion = 16.0.29215.179
MinimumVisualStudioVersion = 10.0.40219.1
Project("{8BC9CEB8-8B4A-11D0-8D11-00A0C91BC942}") = "HW6_a", "HW6_a.vcxproj", "{FA073594-38A7-4947-996B-C3834F22892A}"
EndProject
Global
	GlobalSection(SolutionConfigurationPlatforms) = preSolution
		Debug|x64 = Debug|x64
		Debug|x86 = Debug|x86
		Release|x64 = Release|x64
		Release|x86 = Release|x86
	EndGlobalSection
	GlobalSection(ProjectConfigurationPlatforms) = postSolution
		{FA073594-38A7-4947-996B-C3834F22892A}.Debug|x64.ActiveCfg = Debug|x64
		{FA073594-38A7-4947-996B-C3834F22892A}.Debug|x64.Build.0 = Debug|x64
		{FA073594-38A7-4947-996B-C3834F22892A}.Debug|x86.ActiveCfg = Debug|Win32
		{FA073594-38A7-4947-996B-C3834F22892A}.Debug|x86.Build.0 = Debug|Win32
		{FA073594-38A7-4947-996B-C3834F22892A}.Release|x64.ActiveCfg = Release|x64
		{FA073594-38A7-4947-996B-C3834F22892A}.Release|x64.Build.0 = Release|x64
		{FA073594-38A7-4947-996B-C3834F22892A}.Release|x86.ActiveCfg = Release|Win32
		{FA073594-38A7-4947-996B-C3834F22892A}.Release|x86.Build.0 = Release|Win32
	EndGlobalSection
	GlobalSection(SolutionProperties) = preSolution
		HideSolutionNode = FALSE
	EndGlobalSection
	GlobalSection(ExtensibilityGlobals) = postSolution
		SolutionGuid = {DB23891F-064B-48D0-A11A-32BC29DA9151}
	EndGlobalSection
EndGlobal
